
Microsoft Visual Studio Solution File, Format Version 12.00
# Visual Studio Version 16
VisualStudioVersion = 16.0.30413.136
MinimumVisualStudioVersion = 10.0.40219.1
Project("{FAE04EC0-301F-11D3-BF4B-00C04F79EFBC}") = "PracticeProWPF45", "PracticeProWPF45\PracticeProWPF45.csproj", "{94494B03-CC1D-49BF-B3BA-9A4EAC629E02}"
EndProject
Project("{FAE04EC0-301F-11D3-BF4B-00C04F79EFBC}") = "Chapter2XAML", "Chapter2XAML\Chapter2XAML.csproj", "{212E2DD8-DD0C-4CDC-B015-F78B8C225C25}"
EndProject
Project("{FAE04EC0-301F-11D3-BF4B-00C04F79EFBC}") = "Chapter3Layout", "Chapter3Layout\Chapter3Layout.csproj", "{24F34A60-B95E-46F8-8846-9F1BCC3DC373}"
EndProject
Project("{FAE04EC0-301F-11D3-BF4B-00C04F79EFBC}") = "Extra1DelegateAndEvent", "Extra1DelegateAndEvent\Extra1DelegateAndEvent.csproj", "{616013E0-02D4-4275-BF16-43E508C8BD9B}"
EndProject
Global
	GlobalSection(SolutionConfigurationPlatforms) = preSolution
		Debug|Any CPU = Debug|Any CPU
		Debug|x64 = Debug|x64
		Release|Any CPU = Release|Any CPU
		Release|x64 = Release|x64
	EndGlobalSection
	GlobalSection(ProjectConfigurationPlatforms) = postSolution
		{94494B03-CC1D-49BF-B3BA-9A4EAC629E02}.Debug|Any CPU.ActiveCfg = Debug|x64
		{94494B03-CC1D-49BF-B3BA-9A4EAC629E02}.Debug|x64.ActiveCfg = Debug|x64
		{94494B03-CC1D-49BF-B3BA-9A4EAC629E02}.Debug|x64.Build.0 = Debug|x64
		{94494B03-CC1D-49BF-B3BA-9A4EAC629E02}.Release|Any CPU.ActiveCfg = Release|x64
		{94494B03-CC1D-49BF-B3BA-9A4EAC629E02}.Release|x64.ActiveCfg = Release|x64
		{94494B03-CC1D-49BF-B3BA-9A4EAC629E02}.Release|x64.Build.0 = Release|x64
		{212E2DD8-DD0C-4CDC-B015-F78B8C225C25}.Debug|Any CPU.ActiveCfg = Debug|x64
		{212E2DD8-DD0C-4CDC-B015-F78B8C225C25}.Debug|x64.ActiveCfg = Debug|x64
		{212E2DD8-DD0C-4CDC-B015-F78B8C225C25}.Debug|x64.Build.0 = Debug|x64
		{212E2DD8-DD0C-4CDC-B015-F78B8C225C25}.Release|Any CPU.ActiveCfg = Release|x64
		{212E2DD8-DD0C-4CDC-B015-F78B8C225C25}.Release|x64.ActiveCfg = Release|x64
		{24F34A60-B95E-46F8-8846-9F1BCC3DC373}.Debug|Any CPU.ActiveCfg = Debug|x64
		{24F34A60-B95E-46F8-8846-9F1BCC3DC373}.Debug|x64.ActiveCfg = Debug|x64
		{24F34A60-B95E-46F8-8846-9F1BCC3DC373}.Debug|x64.Build.0 = Debug|x64
		{24F34A60-B95E-46F8-8846-9F1BCC3DC373}.Release|Any CPU.ActiveCfg = Release|x64
		{24F34A60-B95E-46F8-8846-9F1BCC3DC373}.Release|x64.ActiveCfg = Release|x64
		{616013E0-02D4-4275-BF16-43E508C8BD9B}.Debug|Any CPU.ActiveCfg = Debug|Any CPU
		{616013E0-02D4-4275-BF16-43E508C8BD9B}.Debug|Any CPU.Build.0 = Debug|Any CPU
		{616013E0-02D4-4275-BF16-43E508C8BD9B}.Debug|x64.ActiveCfg = Debug|x64
		{616013E0-02D4-4275-BF16-43E508C8BD9B}.Debug|x64.Build.0 = Debug|x64
		{616013E0-02D4-4275-BF16-43E508C8BD9B}.Release|Any CPU.ActiveCfg = Release|Any CPU
		{616013E0-02D4-4275-BF16-43E508C8BD9B}.Release|Any CPU.Build.0 = Release|Any CPU
		{616013E0-02D4-4275-BF16-43E508C8BD9B}.Release|x64.ActiveCfg = Release|Any CPU
		{616013E0-02D4-4275-BF16-43E508C8BD9B}.Release|x64.Build.0 = Release|Any CPU
	EndGlobalSection
	GlobalSection(SolutionProperties) = preSolution
		HideSolutionNode = FALSE
	EndGlobalSection
	GlobalSection(ExtensibilityGlobals) = postSolution
		SolutionGuid = {F3AF3C4C-FF3F-41DB-B5DF-C082A97E3AA2}
	EndGlobalSection
EndGlobal
